
Microsoft Visual Studio Solution File, Format Version 12.00
# Visual Studio Version 17
VisualStudioVersion = 17.11.35327.3
MinimumVisualStudioVersion = 10.0.40219.1
Project("{FAE04EC0-301F-11D3-BF4B-00C04F79EFBC}") = "WindowsService1", "WindowsService1.csproj", "{CA7A8CF6-6620-4816-872E-00E51AE1483F}"
EndProject
Global
	GlobalSection(SolutionConfigurationPlatforms) = preSolution
		Debug|Any CPU = Debug|Any CPU
		Release|Any CPU = Release|Any CPU
	EndGlobalSection
	GlobalSection(ProjectConfigurationPlatforms) = postSolution
		{CA7A8CF6-6620-4816-872E-00E51AE1483F}.Debug|Any CPU.ActiveCfg = Debug|Any CPU
		{CA7A8CF6-6620-4816-872E-00E51AE1483F}.Debug|Any CPU.Build.0 = Debug|Any CPU
		{CA7A8CF6-6620-4816-872E-00E51AE1483F}.Release|Any CPU.ActiveCfg = Release|Any CPU
		{CA7A8CF6-6620-4816-872E-00E51AE1483F}.Release|Any CPU.Build.0 = Release|Any CPU
	EndGlobalSection
	GlobalSection(SolutionProperties) = preSolution
		HideSolutionNode = FALSE
	EndGlobalSection
	GlobalSection(ExtensibilityGlobals) = postSolution
		SolutionGuid = {CF66484B-CA06-446E-A610-8F2846FC94D0}
	EndGlobalSection
EndGlobal
